
Microsoft Visual Studio Solution File, Format Version 12.00
# Visual Studio Version 17
VisualStudioVersion = 17.6.33712.159
MinimumVisualStudioVersion = 10.0.40219.1
Project("{FAE04EC0-301F-11D3-BF4B-00C04F79EFBC}") = "WebApi", "WebApi\WebApi.csproj", "{D552FB13-90BB-4990-B232-0348840642CD}"
EndProject
Global
	GlobalSection(SolutionConfigurationPlatforms) = preSolution
		Debug|Any CPU = Debug|Any CPU
		Release|Any CPU = Release|Any CPU
	EndGlobalSection
	GlobalSection(ProjectConfigurationPlatforms) = postSolution
		{D552FB13-90BB-4990-B232-0348840642CD}.Debug|Any CPU.ActiveCfg = Debug|Any CPU
		{D552FB13-90BB-4990-B232-0348840642CD}.Debug|Any CPU.Build.0 = Debug|Any CPU
		{D552FB13-90BB-4990-B232-0348840642CD}.Release|Any CPU.ActiveCfg = Release|Any CPU
		{D552FB13-90BB-4990-B232-0348840642CD}.Release|Any CPU.Build.0 = Release|Any CPU
	EndGlobalSection
	GlobalSection(SolutionProperties) = preSolution
		HideSolutionNode = FALSE
	EndGlobalSection
	GlobalSection(ExtensibilityGlobals) = postSolution
		SolutionGuid = {3272DEC9-D2F6-426B-8A3E-B8E3A799FECD}
	EndGlobalSection
EndGlobal
